
Microsoft Visual Studio Solution File, Format Version 12.00
# Visual Studio Version 16
VisualStudioVersion = 16.0.30011.22
MinimumVisualStudioVersion = 10.0.40219.1
Project("{FAE04EC0-301F-11D3-BF4B-00C04F79EFBC}") = "ManagerWarehouses", "ManagerWarehouses\ManagerWarehouses.csproj", "{333753E0-0395-479B-9009-B1175EFCFE02}"
EndProject
Global
	GlobalSection(SolutionConfigurationPlatforms) = preSolution
		Debug|Any CPU = Debug|Any CPU
		Release|Any CPU = Release|Any CPU
	EndGlobalSection
	GlobalSection(ProjectConfigurationPlatforms) = postSolution
		{333753E0-0395-479B-9009-B1175EFCFE02}.Debug|Any CPU.ActiveCfg = Debug|Any CPU
		{333753E0-0395-479B-9009-B1175EFCFE02}.Debug|Any CPU.Build.0 = Debug|Any CPU
		{333753E0-0395-479B-9009-B1175EFCFE02}.Release|Any CPU.ActiveCfg = Release|Any CPU
		{333753E0-0395-479B-9009-B1175EFCFE02}.Release|Any CPU.Build.0 = Release|Any CPU
	EndGlobalSection
	GlobalSection(SolutionProperties) = preSolution
		HideSolutionNode = FALSE
	EndGlobalSection
	GlobalSection(ExtensibilityGlobals) = postSolution
		SolutionGuid = {582ABF8A-7DA8-4C74-A85B-782E102B095A}
	EndGlobalSection
EndGlobal
